
Microsoft Visual Studio Solution File, Format Version 12.00
# Visual Studio Version 17
VisualStudioVersion = 17.10.35013.160
MinimumVisualStudioVersion = 10.0.40219.1
Project("{FAE04EC0-301F-11D3-BF4B-00C04F79EFBC}") = "ChainOfResponsibilityProject", "ChainOfResponsibilityProject\ChainOfResponsibilityProject.csproj", "{4F24FAB4-1793-4CB7-BE09-959491ECEC28}"
EndProject
Global
	GlobalSection(SolutionConfigurationPlatforms) = preSolution
		Debug|Any CPU = Debug|Any CPU
		Release|Any CPU = Release|Any CPU
	EndGlobalSection
	GlobalSection(ProjectConfigurationPlatforms) = postSolution
		{4F24FAB4-1793-4CB7-BE09-959491ECEC28}.Debug|Any CPU.ActiveCfg = Debug|Any CPU
		{4F24FAB4-1793-4CB7-BE09-959491ECEC28}.Debug|Any CPU.Build.0 = Debug|Any CPU
		{4F24FAB4-1793-4CB7-BE09-959491ECEC28}.Release|Any CPU.ActiveCfg = Release|Any CPU
		{4F24FAB4-1793-4CB7-BE09-959491ECEC28}.Release|Any CPU.Build.0 = Release|Any CPU
	EndGlobalSection
	GlobalSection(SolutionProperties) = preSolution
		HideSolutionNode = FALSE
	EndGlobalSection
	GlobalSection(ExtensibilityGlobals) = postSolution
		SolutionGuid = {6966A19A-4E81-4A11-A08F-0D8AD92C85EA}
	EndGlobalSection
EndGlobal
